
Microsoft Visual Studio Solution File, Format Version 12.00
# Visual Studio Version 17
VisualStudioVersion = 17.2.32630.192
MinimumVisualStudioVersion = 10.0.40219.1
Project("{9A19103F-16F7-4668-BE54-9A1E7A4F7556}") = "IronMan.Revit.Toolkit.Mvvm", "Toolkit.Mvvm\IronMan.Revit.Toolkit.Mvvm.csproj", "{416D14A5-4B05-48E3-8198-6276D596C6AA}"
EndProject
Project("{9A19103F-16F7-4668-BE54-9A1E7A4F7556}") = "IronMan.Revit.Toolkit.Extension", "Toolkit.Extension\IronMan.Revit.Toolkit.Extension.csproj", "{BD046C50-1655-42B8-8958-2D4D8B1D3C27}"
EndProject
Project("{9A19103F-16F7-4668-BE54-9A1E7A4F7556}") = "IronMan.Revit", "IronMan\IronMan.Revit.csproj", "{2C961600-3A7E-49A8-8C82-B9B22FE33B8C}"
EndProject
Project("{9A19103F-16F7-4668-BE54-9A1E7A4F7556}") = "IronMan.Revit.Entity", "IronMan.Revit.Entity\IronMan.Revit.Entity.csproj", "{62F6BF2C-DFA5-43F0-AE12-09C6A0E138A5}"
EndProject
Global
	GlobalSection(SolutionConfigurationPlatforms) = preSolution
		Debug|Any CPU = Debug|Any CPU
		Debug20|Any CPU = Debug20|Any CPU
		Release|Any CPU = Release|Any CPU
		RVT_2019|Any CPU = RVT_2019|Any CPU
		RVT_2020|Any CPU = RVT_2020|Any CPU
		RVT_2021|Any CPU = RVT_2021|Any CPU
		RVT_2022|Any CPU = RVT_2022|Any CPU
	EndGlobalSection
	GlobalSection(ProjectConfigurationPlatforms) = postSolution
		{416D14A5-4B05-48E3-8198-6276D596C6AA}.Debug|Any CPU.ActiveCfg = Debug|Any CPU
		{416D14A5-4B05-48E3-8198-6276D596C6AA}.Debug|Any CPU.Build.0 = Debug|Any CPU
		{416D14A5-4B05-48E3-8198-6276D596C6AA}.Debug20|Any CPU.ActiveCfg = Debug20|Any CPU
		{416D14A5-4B05-48E3-8198-6276D596C6AA}.Debug20|Any CPU.Build.0 = Debug20|Any CPU
		{416D14A5-4B05-48E3-8198-6276D596C6AA}.Release|Any CPU.ActiveCfg = Release|Any CPU
		{416D14A5-4B05-48E3-8198-6276D596C6AA}.Release|Any CPU.Build.0 = Release|Any CPU
		{416D14A5-4B05-48E3-8198-6276D596C6AA}.RVT_2019|Any CPU.ActiveCfg = RVT_2019|Any CPU
		{416D14A5-4B05-48E3-8198-6276D596C6AA}.RVT_2019|Any CPU.Build.0 = RVT_2019|Any CPU
		{416D14A5-4B05-48E3-8198-6276D596C6AA}.RVT_2020|Any CPU.ActiveCfg = RVT_2020|Any CPU
		{416D14A5-4B05-48E3-8198-6276D596C6AA}.RVT_2020|Any CPU.Build.0 = RVT_2020|Any CPU
		{416D14A5-4B05-48E3-8198-6276D596C6AA}.RVT_2021|Any CPU.ActiveCfg = RVT_2021|Any CPU
		{416D14A5-4B05-48E3-8198-6276D596C6AA}.RVT_2021|Any CPU.Build.0 = RVT_2021|Any CPU
		{416D14A5-4B05-48E3-8198-6276D596C6AA}.RVT_2022|Any CPU.ActiveCfg = RVT_2022|Any CPU
		{416D14A5-4B05-48E3-8198-6276D596C6AA}.RVT_2022|Any CPU.Build.0 = RVT_2022|Any CPU
		{BD046C50-1655-42B8-8958-2D4D8B1D3C27}.Debug|Any CPU.ActiveCfg = Debug|Any CPU
		{BD046C50-1655-42B8-8958-2D4D8B1D3C27}.Debug|Any CPU.Build.0 = Debug|Any CPU
		{BD046C50-1655-42B8-8958-2D4D8B1D3C27}.Debug20|Any CPU.ActiveCfg = Debug20|Any CPU
		{BD046C50-1655-42B8-8958-2D4D8B1D3C27}.Debug20|Any CPU.Build.0 = Debug20|Any CPU
		{BD046C50-1655-42B8-8958-2D4D8B1D3C27}.Release|Any CPU.ActiveCfg = Release|Any CPU
		{BD046C50-1655-42B8-8958-2D4D8B1D3C27}.Release|Any CPU.Build.0 = Release|Any CPU
		{BD046C50-1655-42B8-8958-2D4D8B1D3C27}.RVT_2019|Any CPU.ActiveCfg = RVT_2019|Any CPU
		{BD046C50-1655-42B8-8958-2D4D8B1D3C27}.RVT_2019|Any CPU.Build.0 = RVT_2019|Any CPU
		{BD046C50-1655-42B8-8958-2D4D8B1D3C27}.RVT_2020|Any CPU.ActiveCfg = RVT_2020|Any CPU
		{BD046C50-1655-42B8-8958-2D4D8B1D3C27}.RVT_2020|Any CPU.Build.0 = RVT_2020|Any CPU
		{BD046C50-1655-42B8-8958-2D4D8B1D3C27}.RVT_2021|Any CPU.ActiveCfg = RVT_2021|Any CPU
		{BD046C50-1655-42B8-8958-2D4D8B1D3C27}.RVT_2021|Any CPU.Build.0 = RVT_2021|Any CPU
		{BD046C50-1655-42B8-8958-2D4D8B1D3C27}.RVT_2022|Any CPU.ActiveCfg = RVT_2022|Any CPU
		{BD046C50-1655-42B8-8958-2D4D8B1D3C27}.RVT_2022|Any CPU.Build.0 = RVT_2022|Any CPU
		{2C961600-3A7E-49A8-8C82-B9B22FE33B8C}.Debug|Any CPU.ActiveCfg = Debug|Any CPU
		{2C961600-3A7E-49A8-8C82-B9B22FE33B8C}.Debug|Any CPU.Build.0 = Debug|Any CPU
		{2C961600-3A7E-49A8-8C82-B9B22FE33B8C}.Debug20|Any CPU.ActiveCfg = Debug20|Any CPU
		{2C961600-3A7E-49A8-8C82-B9B22FE33B8C}.Debug20|Any CPU.Build.0 = Debug20|Any CPU
		{2C961600-3A7E-49A8-8C82-B9B22FE33B8C}.Release|Any CPU.ActiveCfg = Release|Any CPU
		{2C961600-3A7E-49A8-8C82-B9B22FE33B8C}.Release|Any CPU.Build.0 = Release|Any CPU
		{2C961600-3A7E-49A8-8C82-B9B22FE33B8C}.RVT_2019|Any CPU.ActiveCfg = RVT_2019|Any CPU
		{2C961600-3A7E-49A8-8C82-B9B22FE33B8C}.RVT_2019|Any CPU.Build.0 = RVT_2019|Any CPU
		{2C961600-3A7E-49A8-8C82-B9B22FE33B8C}.RVT_2020|Any CPU.ActiveCfg = RVT_2020|Any CPU
		{2C961600-3A7E-49A8-8C82-B9B22FE33B8C}.RVT_2020|Any CPU.Build.0 = RVT_2020|Any CPU
		{2C961600-3A7E-49A8-8C82-B9B22FE33B8C}.RVT_2021|Any CPU.ActiveCfg = RVT_2021|Any CPU
		{2C961600-3A7E-49A8-8C82-B9B22FE33B8C}.RVT_2021|Any CPU.Build.0 = RVT_2021|Any CPU
		{2C961600-3A7E-49A8-8C82-B9B22FE33B8C}.RVT_2022|Any CPU.ActiveCfg = RVT_2022|Any CPU
		{2C961600-3A7E-49A8-8C82-B9B22FE33B8C}.RVT_2022|Any CPU.Build.0 = RVT_2022|Any CPU
		{62F6BF2C-DFA5-43F0-AE12-09C6A0E138A5}.Debug|Any CPU.ActiveCfg = Debug|Any CPU
		{62F6BF2C-DFA5-43F0-AE12-09C6A0E138A5}.Debug|Any CPU.Build.0 = Debug|Any CPU
		{62F6BF2C-DFA5-43F0-AE12-09C6A0E138A5}.Debug20|Any CPU.ActiveCfg = Debug20|Any CPU
		{62F6BF2C-DFA5-43F0-AE12-09C6A0E138A5}.Debug20|Any CPU.Build.0 = Debug20|Any CPU
		{62F6BF2C-DFA5-43F0-AE12-09C6A0E138A5}.Release|Any CPU.ActiveCfg = Release|Any CPU
		{62F6BF2C-DFA5-43F0-AE12-09C6A0E138A5}.Release|Any CPU.Build.0 = Release|Any CPU
		{62F6BF2C-DFA5-43F0-AE12-09C6A0E138A5}.RVT_2019|Any CPU.ActiveCfg = RVT_2019|Any CPU
		{62F6BF2C-DFA5-43F0-AE12-09C6A0E138A5}.RVT_2019|Any CPU.Build.0 = RVT_2019|Any CPU
		{62F6BF2C-DFA5-43F0-AE12-09C6A0E138A5}.RVT_2020|Any CPU.ActiveCfg = RVT_2020|Any CPU
		{62F6BF2C-DFA5-43F0-AE12-09C6A0E138A5}.RVT_2020|Any CPU.Build.0 = RVT_2020|Any CPU
		{62F6BF2C-DFA5-43F0-AE12-09C6A0E138A5}.RVT_2021|Any CPU.ActiveCfg = RVT_2021|Any CPU
		{62F6BF2C-DFA5-43F0-AE12-09C6A0E138A5}.RVT_2021|Any CPU.Build.0 = RVT_2021|Any CPU
		{62F6BF2C-DFA5-43F0-AE12-09C6A0E138A5}.RVT_2022|Any CPU.ActiveCfg = RVT_2022|Any CPU
		{62F6BF2C-DFA5-43F0-AE12-09C6A0E138A5}.RVT_2022|Any CPU.Build.0 = RVT_2022|Any CPU
	EndGlobalSection
	GlobalSection(SolutionProperties) = preSolution
		HideSolutionNode = FALSE
	EndGlobalSection
	GlobalSection(ExtensibilityGlobals) = postSolution
		SolutionGuid = {59CF70F5-8942-4DDF-A5BB-154D03C96A59}
	EndGlobalSection
EndGlobal
